
Microsoft Visual Studio Solution File, Format Version 12.00
# Visual Studio 15
VisualStudioVersion = 15.0.28010.2016
MinimumVisualStudioVersion = 10.0.40219.1
Project("{9A19103F-16F7-4668-BE54-9A1E7A4F7556}") = "SmashggHandler", "SmashggHandler.csproj", "{0ADEBC03-7DA8-47A8-BF11-AC65C937136F}"
EndProject
Project("{2150E333-8FDC-42A3-9474-1A3956D46DE8}") = "Documentation", "Documentation", "{C8A31025-047F-4253-93F0-F1D7C56E2CE0}"
EndProject
Global
	GlobalSection(SolutionConfigurationPlatforms) = preSolution
		Debug|Any CPU = Debug|Any CPU
		Release|Any CPU = Release|Any CPU
	EndGlobalSection
	GlobalSection(ProjectConfigurationPlatforms) = postSolution
		{0ADEBC03-7DA8-47A8-BF11-AC65C937136F}.Debug|Any CPU.ActiveCfg = Debug|Any CPU
		{0ADEBC03-7DA8-47A8-BF11-AC65C937136F}.Debug|Any CPU.Build.0 = Debug|Any CPU
		{0ADEBC03-7DA8-47A8-BF11-AC65C937136F}.Release|Any CPU.ActiveCfg = Release|Any CPU
		{0ADEBC03-7DA8-47A8-BF11-AC65C937136F}.Release|Any CPU.Build.0 = Release|Any CPU
	EndGlobalSection
	GlobalSection(SolutionProperties) = preSolution
		HideSolutionNode = FALSE
	EndGlobalSection
	GlobalSection(ExtensibilityGlobals) = postSolution
		SolutionGuid = {987A1F7C-B259-4F6C-90F9-36386BA101EB}
	EndGlobalSection
EndGlobal
